{
  "version": 4,
  "terraform_version": "0.12.17",
  "serial": 3,
  "lineage": "f89a744c-5ddf-df2e-6a52-93bbf1acc5e4",
  "outputs": {
    "host_name": {
      "value": "blog_prod",
      "type": "string"
    },
    "ip_address": {
      "value": {
        "attach": false,
        "bridge": "",
        "capabilities": [],
        "command": [
          "node",
          "current/index.js"
        ],
        "container_logs": null,
        "cpu_set": "",
        "cpu_shares": 0,
        "destroy_grace_seconds": null,
        "devices": [],
        "dns": null,
        "dns_opts": null,
        "dns_search": null,
        "domainname": "",
        "entrypoint": [
          "docker-entrypoint.sh"
        ],
        "env": [
          "GHOST_CLI_VERSION=1.13.1",
          "GHOST_CONTENT=/var/lib/ghost/content",
          "GHOST_INSTALL=/var/lib/ghost",
          "GHOST_VERSION=3.14.0",
          "NODE_ENV=production",
          "NODE_VERSION=12.16.3",
          "PATH=/usr/local/sbin:/usr/local/bin:/usr/sbin:/usr/bin:/sbin:/bin",
          "YARN_VERSION=1.22.4"
        ],
        "exit_code": null,
        "gateway": "172.17.0.1",
        "group_add": null,
        "healthcheck": [],
        "host": [],
        "hostname": "5c8496fb74d2",
        "id": "5c8496fb74d21f3dde3aa117f42be6ce703e775b1060b90a2f21f576f45e6e40",
        "image": "sha256:a35a7810faa711160a576ec10cbabc6e888afe1561e03bd6ea0de2012ba90bbc",
        "ip_address": "172.17.0.2",
        "ip_prefix_length": 16,
        "ipc_mode": "private",
        "labels": [],
        "links": null,
        "log_driver": "json-file",
        "log_opts": null,
        "logs": false,
        "max_retry_count": 0,
        "memory": 0,
        "memory_swap": 0,
        "mounts": [],
        "must_run": true,
        "name": "blog_prod",
        "network_alias": null,
        "network_data": [
          {
            "gateway": "172.17.0.1",
            "ip_address": "172.17.0.2",
            "ip_prefix_length": 16,
            "network_name": "bridge"
          }
        ],
        "network_mode": "default",
        "networks": null,
        "networks_advanced": [],
        "pid_mode": "",
        "ports": [
          {
            "external": 80,
            "internal": 2368,
            "ip": "0.0.0.0",
            "protocol": "tcp"
          }
        ],
        "privileged": false,
        "publish_all_ports": false,
        "read_only": false,
        "restart": "no",
        "rm": false,
        "shm_size": 64,
        "start": true,
        "sysctls": null,
        "tmpfs": null,
        "ulimit": [],
        "upload": [],
        "user": "",
        "userns_mode": "",
        "volumes": [],
        "working_dir": "/var/lib/ghost"
      },
      "type": [
        "object",
        {
          "attach": "bool",
          "bridge": "string",
          "capabilities": [
            "set",
            [
              "object",
              {
                "add": [
                  "set",
                  "string"
                ],
                "drop": [
                  "set",
                  "string"
                ]
              }
            ]
          ],
          "command": [
            "list",
            "string"
          ],
          "container_logs": "string",
          "cpu_set": "string",
          "cpu_shares": "number",
          "destroy_grace_seconds": "number",
          "devices": [
            "set",
            [
              "object",
              {
                "container_path": "string",
                "host_path": "string",
                "permissions": "string"
              }
            ]
          ],
          "dns": [
            "set",
            "string"
          ],
          "dns_opts": [
            "set",
            "string"
          ],
          "dns_search": [
            "set",
            "string"
          ],
          "domainname": "string",
          "entrypoint": [
            "list",
            "string"
          ],
          "env": [
            "set",
            "string"
          ],
          "exit_code": "number",
          "gateway": "string",
          "group_add": [
            "set",
            "string"
          ],
          "healthcheck": [
            "list",
            [
              "object",
              {
                "interval": "string",
                "retries": "number",
                "start_period": "string",
                "test": [
                  "list",
                  "string"
                ],
                "timeout": "string"
              }
            ]
          ],
          "host": [
            "set",
            [
              "object",
              {
                "host": "string",
                "ip": "string"
              }
            ]
          ],
          "hostname": "string",
          "id": "string",
          "image": "string",
          "ip_address": "string",
          "ip_prefix_length": "number",
          "ipc_mode": "string",
          "labels": [
            "set",
            [
              "object",
              {
                "label": "string",
                "value": "string"
              }
            ]
          ],
          "links": [
            "set",
            "string"
          ],
          "log_driver": "string",
          "log_opts": [
            "map",
            "string"
          ],
          "logs": "bool",
          "max_retry_count": "number",
          "memory": "number",
          "memory_swap": "number",
          "mounts": [
            "set",
            [
              "object",
              {
                "bind_options": [
                  "list",
                  [
                    "object",
                    {
                      "propagation": "string"
                    }
                  ]
                ],
                "read_only": "bool",
                "source": "string",
                "target": "string",
                "tmpfs_options": [
                  "list",
                  [
                    "object",
                    {
                      "mode": "number",
                      "size_bytes": "number"
                    }
                  ]
                ],
                "type": "string",
                "volume_options": [
                  "list",
                  [
                    "object",
                    {
                      "driver_name": "string",
                      "driver_options": [
                        "map",
                        "string"
                      ],
                      "labels": [
                        "set",
                        [
                          "object",
                          {
                            "label": "string",
                            "value": "string"
                          }
                        ]
                      ],
                      "no_copy": "bool"
                    }
                  ]
                ]
              }
            ]
          ],
          "must_run": "bool",
          "name": "string",
          "network_alias": [
            "set",
            "string"
          ],
          "network_data": [
            "list",
            [
              "object",
              {
                "gateway": "string",
                "ip_address": "string",
                "ip_prefix_length": "number",
                "network_name": "string"
              }
            ]
          ],
          "network_mode": "string",
          "networks": [
            "set",
            "string"
          ],
          "networks_advanced": [
            "set",
            [
              "object",
              {
                "aliases": [
                  "set",
                  "string"
                ],
                "ipv4_address": "string",
                "ipv6_address": "string",
                "name": "string"
              }
            ]
          ],
          "pid_mode": "string",
          "ports": [
            "list",
            [
              "object",
              {
                "external": "number",
                "internal": "number",
                "ip": "string",
                "protocol": "string"
              }
            ]
          ],
          "privileged": "bool",
          "publish_all_ports": "bool",
          "read_only": "bool",
          "restart": "string",
          "rm": "bool",
          "shm_size": "number",
          "start": "bool",
          "sysctls": [
            "map",
            "string"
          ],
          "tmpfs": [
            "map",
            "string"
          ],
          "ulimit": [
            "set",
            [
              "object",
              {
                "hard": "number",
                "name": "string",
                "soft": "number"
              }
            ]
          ],
          "upload": [
            "set",
            [
              "object",
              {
                "content": "string",
                "content_base64": "string",
                "executable": "bool",
                "file": "string",
                "source": "string",
                "source_hash": "string"
              }
            ]
          ],
          "user": "string",
          "userns_mode": "string",
          "volumes": [
            "set",
            [
              "object",
              {
                "container_path": "string",
                "from_container": "string",
                "host_path": "string",
                "read_only": "bool",
                "volume_name": "string"
              }
            ]
          ],
          "working_dir": "string"
        }
      ]
    }
  },
  "resources": [
    {
      "mode": "managed",
      "type": "docker_container",
      "name": "container_id",
      "provider": "provider.docker",
      "instances": [
        {
          "schema_version": 2,
          "attributes": {
            "attach": false,
            "bridge": "",
            "capabilities": [],
            "command": [
              "node",
              "current/index.js"
            ],
            "container_logs": null,
            "cpu_set": "",
            "cpu_shares": 0,
            "destroy_grace_seconds": null,
            "devices": [],
            "dns": null,
            "dns_opts": null,
            "dns_search": null,
            "domainname": "",
            "entrypoint": [
              "docker-entrypoint.sh"
            ],
            "env": [
              "GHOST_CLI_VERSION=1.13.1",
              "GHOST_CONTENT=/var/lib/ghost/content",
              "GHOST_INSTALL=/var/lib/ghost",
              "GHOST_VERSION=3.14.0",
              "NODE_ENV=production",
              "NODE_VERSION=12.16.3",
              "PATH=/usr/local/sbin:/usr/local/bin:/usr/sbin:/usr/bin:/sbin:/bin",
              "YARN_VERSION=1.22.4"
            ],
            "exit_code": null,
            "gateway": "172.17.0.1",
            "group_add": null,
            "healthcheck": [],
            "host": [],
            "hostname": "5c8496fb74d2",
            "id": "5c8496fb74d21f3dde3aa117f42be6ce703e775b1060b90a2f21f576f45e6e40",
            "image": "sha256:a35a7810faa711160a576ec10cbabc6e888afe1561e03bd6ea0de2012ba90bbc",
            "ip_address": "172.17.0.2",
            "ip_prefix_length": 16,
            "ipc_mode": "private",
            "labels": [],
            "links": null,
            "log_driver": "json-file",
            "log_opts": null,
            "logs": false,
            "max_retry_count": 0,
            "memory": 0,
            "memory_swap": 0,
            "mounts": [],
            "must_run": true,
            "name": "blog_prod",
            "network_alias": null,
            "network_data": [
              {
                "gateway": "172.17.0.1",
                "ip_address": "172.17.0.2",
                "ip_prefix_length": 16,
                "network_name": "bridge"
              }
            ],
            "network_mode": "default",
            "networks": null,
            "networks_advanced": [],
            "pid_mode": "",
            "ports": [
              {
                "external": 80,
                "internal": 2368,
                "ip": "0.0.0.0",
                "protocol": "tcp"
              }
            ],
            "privileged": false,
            "publish_all_ports": false,
            "read_only": false,
            "restart": "no",
            "rm": false,
            "shm_size": 64,
            "start": true,
            "sysctls": null,
            "tmpfs": null,
            "ulimit": [],
            "upload": [],
            "user": "",
            "userns_mode": "",
            "volumes": [],
            "working_dir": "/var/lib/ghost"
          },
          "private": "eyJzY2hlbWFfdmVyc2lvbiI6IjIifQ==",
          "dependencies": [
            "docker_image.image_id"
          ]
        }
      ]
    },
    {
      "mode": "managed",
      "type": "docker_image",
      "name": "image_id",
      "provider": "provider.docker",
      "instances": [
        {
          "schema_version": 0,
          "attributes": {
            "id": "sha256:a35a7810faa711160a576ec10cbabc6e888afe1561e03bd6ea0de2012ba90bbcghost:alpine",
            "keep_locally": null,
            "latest": "sha256:a35a7810faa711160a576ec10cbabc6e888afe1561e03bd6ea0de2012ba90bbc",
            "name": "ghost:alpine",
            "pull_trigger": null,
            "pull_triggers": null
          },
          "private": "bnVsbA=="
        }
      ]
    }
  ]
}
